<?xml version="1.0" encoding="utf-8"?>
<Project ToolsVersion="4.0" xmlns="http://schemas.microsoft.com/developer/msbuild/2003">
  <ItemGroup>
    <Filter Include="Source Files">
      <UniqueIdentifier>{4FC737F1-C7A5-4376-A066-2A32D752A2FF}</UniqueIdentifier>
      <Extensions>cpp;c;cc;cxx;def;odl;idl;hpj;bat;asm;asmx</Extensions>
    </Filter>
    <Filter Include="Header Files">
      <UniqueIdentifier>{93995380-89BD-4b04-88EB-625FBE52EBFB}</UniqueIdentifier>
      <Extensions>h;hh;hpp;hxx;hm;inl;inc;xsd</Extensions>
    </Filter>
    <Filter Include="Resource Files">
      <UniqueIdentifier>{67DA6AB6-F800-4c08-8B7A-83BB121AAD01}</UniqueIdentifier>
      <Extensions>rc;ico;cur;bmp;dlg;rc2;rct;bin;rgs;gif;jpg;jpeg;jpe;resx;tiff;tif;png;wav;mfcribbon-ms</Extensions>
    </Filter>
  </ItemGroup>
  <ItemGroup>
    <ClCompile Include="AI_N_GamesApp.cpp">
      <Filter>Source Files</Filter>
    </ClCompile>
    <ClCompile Include="main.cpp">
      <Filter>Source Files</Filter>
    </ClCompile>
    <ClCompile Include="..\..\AI%27N%27Games\AI%27N%27Games\Agent.cpp">
      <Filter>Source Files</Filter>
    </ClCompile>
    <ClCompile Include="..\..\AI%27N%27Games\AI%27N%27Games\KeyboardController.cpp">
      <Filter>Source Files</Filter>
    </ClCompile>
    <ClCompile Include="..\..\AI%27N%27Games\AI%27N%27Games\Graph.cpp">
      <Filter>Source Files</Filter>
    </ClCompile>
    <ClCompile Include="..\..\AI%27N%27Games\AI%27N%27Games\Node.cpp">
      <Filter>Source Files</Filter>
    </ClCompile>
    <ClCompile Include="..\..\AI%27N%27Games\AI%27N%27Games\Edge.cpp">
      <Filter>Source Files</Filter>
    </ClCompile>
    <ClCompile Include="..\..\AI%27N%27Games\AI%27N%27Games\Decision.cpp">
      <Filter>Source Files</Filter>
    </ClCompile>
    <ClCompile Include="..\..\AI%27N%27Games\AI%27N%27Games\BooleanDecision.cpp">
      <Filter>Source Files</Filter>
    </ClCompile>
    <ClCompile Include="..\..\AI%27N%27Games\AI%27N%27Games\SeekDecision.cpp">
      <Filter>Source Files</Filter>
    </ClCompile>
    <ClCompile Include="..\..\AI%27N%27Games\AI%27N%27Games\WanderDecision.cpp">
      <Filter>Source Files</Filter>
    </ClCompile>
    <ClCompile Include="..\..\AI%27N%27Games\AI%27N%27Games\ObstacleAvoidance.cpp">
      <Filter>Source Files</Filter>
    </ClCompile>
    <ClCompile Include="..\..\AI%27N%27Games\AI%27N%27Games\PathFindDecision.cpp">
      <Filter>Source Files</Filter>
    </ClCompile>
  </ItemGroup>
  <ItemGroup>
    <ClInclude Include="AI_N_GamesApp.h">
      <Filter>Header Files</Filter>
    </ClInclude>
    <ClInclude Include="..\..\AI%27N%27Games\AI%27N%27Games\IBehavior.h">
      <Filter>Header Files</Filter>
    </ClInclude>
    <ClInclude Include="..\..\AI%27N%27Games\AI%27N%27Games\Agent.h">
      <Filter>Header Files</Filter>
    </ClInclude>
    <ClInclude Include="..\..\AI%27N%27Games\AI%27N%27Games\KeyboardController.h">
      <Filter>Header Files</Filter>
    </ClInclude>
    <ClInclude Include="..\..\AI%27N%27Games\AI%27N%27Games\Graph.h">
      <Filter>Header Files</Filter>
    </ClInclude>
    <ClInclude Include="..\..\AI%27N%27Games\AI%27N%27Games\Node.h">
      <Filter>Header Files</Filter>
    </ClInclude>
    <ClInclude Include="..\..\AI%27N%27Games\AI%27N%27Games\Edge.h">
      <Filter>Header Files</Filter>
    </ClInclude>
    <ClInclude Include="..\..\AI%27N%27Games\AI%27N%27Games\Decision.h">
      <Filter>Header Files</Filter>
    </ClInclude>
    <ClInclude Include="..\..\AI%27N%27Games\AI%27N%27Games\BooleanDecision.h">
      <Filter>Header Files</Filter>
    </ClInclude>
    <ClInclude Include="..\..\AI%27N%27Games\AI%27N%27Games\SeekDecision.h">
      <Filter>Header Files</Filter>
    </ClInclude>
    <ClInclude Include="..\..\AI%27N%27Games\AI%27N%27Games\WanderDecision.h">
      <Filter>Header Files</Filter>
    </ClInclude>
    <ClInclude Include="..\..\AI%27N%27Games\AI%27N%27Games\ObstacleAvoidance.h">
      <Filter>Header Files</Filter>
    </ClInclude>
    <ClInclude Include="..\..\AI%27N%27Games\AI%27N%27Games\PathFindDecision.h">
      <Filter>Header Files</Filter>
    </ClInclude>
  </ItemGroup>
</Project>